
Microsoft Visual Studio Solution File, Format Version 12.00
# Visual Studio Version 17
VisualStudioVersion = 17.1.32328.378
MinimumVisualStudioVersion = 10.0.40219.1
Project("{FAE04EC0-301F-11D3-BF4B-00C04F79EFBC}") = "BuscadorDeCep.Android", "BuscadorDeCep\BuscadorDeCep.Android\BuscadorDeCep.Android.csproj", "{09B97A31-4B35-4752-975F-025AAA66B442}"
EndProject
Project("{FAE04EC0-301F-11D3-BF4B-00C04F79EFBC}") = "BuscadorDeCep", "BuscadorDeCep\BuscadorDeCep\BuscadorDeCep.csproj", "{146EA591-92F6-419A-98B6-C51A90D35541}"
EndProject
Global
	GlobalSection(SolutionConfigurationPlatforms) = preSolution
		Debug|Any CPU = Debug|Any CPU
		Release|Any CPU = Release|Any CPU
	EndGlobalSection
	GlobalSection(ProjectConfigurationPlatforms) = postSolution
		{09B97A31-4B35-4752-975F-025AAA66B442}.Debug|Any CPU.ActiveCfg = Debug|Any CPU
		{09B97A31-4B35-4752-975F-025AAA66B442}.Debug|Any CPU.Build.0 = Debug|Any CPU
		{09B97A31-4B35-4752-975F-025AAA66B442}.Debug|Any CPU.Deploy.0 = Debug|Any CPU
		{09B97A31-4B35-4752-975F-025AAA66B442}.Release|Any CPU.ActiveCfg = Release|Any CPU
		{09B97A31-4B35-4752-975F-025AAA66B442}.Release|Any CPU.Build.0 = Release|Any CPU
		{09B97A31-4B35-4752-975F-025AAA66B442}.Release|Any CPU.Deploy.0 = Release|Any CPU
		{146EA591-92F6-419A-98B6-C51A90D35541}.Debug|Any CPU.ActiveCfg = Debug|Any CPU
		{146EA591-92F6-419A-98B6-C51A90D35541}.Debug|Any CPU.Build.0 = Debug|Any CPU
		{146EA591-92F6-419A-98B6-C51A90D35541}.Debug|Any CPU.Deploy.0 = Debug|Any CPU
		{146EA591-92F6-419A-98B6-C51A90D35541}.Release|Any CPU.ActiveCfg = Release|Any CPU
		{146EA591-92F6-419A-98B6-C51A90D35541}.Release|Any CPU.Build.0 = Release|Any CPU
		{146EA591-92F6-419A-98B6-C51A90D35541}.Release|Any CPU.Deploy.0 = Release|Any CPU
	EndGlobalSection
	GlobalSection(SolutionProperties) = preSolution
		HideSolutionNode = FALSE
	EndGlobalSection
	GlobalSection(ExtensibilityGlobals) = postSolution
		SolutionGuid = {00360CB1-216D-4DF8-A84B-CA036F0AE87E}
	EndGlobalSection
EndGlobal
